PODS:
  - AFNetworking (2.5.4):
    - AFNetworking/NSURLConnection (= 2.5.4)
    - AFNetworking/NSURLSession (= 2.5.4)
    - AFNetworking/Reachability (= 2.5.4)
    - AFNetworking/Security (= 2.5.4)
    - AFNetworking/Serialization (= 2.5.4)
    - AFNetworking/UIKit (= 2.5.4)
  - AFNetworking/NSURLConnection (2.5.4):
    - AFNetworking/Reachability
    - AFNetworking/Security
    - AFNetworking/Serialization
  - AFNetworking/NSURLSession (2.5.4):
    - AFNetworking/Reachability
    - AFNetworking/Security
    - AFNetworking/Serialization
  - AFNetworking/Reachability (2.5.4)
  - AFNetworking/Security (2.5.4)
  - AFNetworking/Serialization (2.5.4)
  - AFNetworking/UIKit (2.5.4):
    - AFNetworking/NSURLConnection
    - AFNetworking/NSURLSession
  - BlocksKit (2.2.5):
    - BlocksKit/All (= 2.2.5)
  - BlocksKit/All (2.2.5):
    - BlocksKit/Core
    - BlocksKit/DynamicDelegate
    - BlocksKit/MessageUI
    - BlocksKit/UIKit
  - BlocksKit/Core (2.2.5)
  - BlocksKit/DynamicDelegate (2.2.5)
  - BlocksKit/MessageUI (2.2.5):
    - BlocksKit/Core
    - BlocksKit/DynamicDelegate
  - BlocksKit/UIKit (2.2.5):
    - BlocksKit/Core
    - BlocksKit/DynamicDelegate
  - CocoaLumberjack (1.9.2):
    - CocoaLumberjack/Extensions (= 1.9.2)
  - CocoaLumberjack/Core (1.9.2)
  - CocoaLumberjack/Extensions (1.9.2):
    - CocoaLumberjack/Core
  - KissXML (5.0)
  - Kiwi (2.3.1)
  - OHHTTPStubs (3.1.12):
    - OHHTTPStubs/Core (= 3.1.12)
  - OHHTTPStubs/Core (3.1.12)
  - PEObjc-Commons (1.0.73):
    - BlocksKit (~> 2.2.5)
  - PEWire-Control (1.0.4):
    - KissXML (~> 5.0)
    - OHHTTPStubs (~> 3.1.10)
    - PEObjc-Commons (~> 1.0.73)
    - PEXML-Utils (~> 1.0.3)
  - PEXML-Utils (1.0.3):
    - KissXML (~> 5.0)
    - PEObjc-Commons (~> 1.0.73)

DEPENDENCIES:
  - AFNetworking (~> 2.5.4)
  - BlocksKit (~> 2.2.5)
  - CocoaLumberjack (~> 1.9)
  - KissXML (~> 5.0)
  - Kiwi (~> 2.3.1)
  - OHHTTPStubs (~> 3.1.10)
  - PEObjc-Commons (~> 1.0.73)
  - PEWire-Control (~> 1.0.4)

SPEC CHECKSUMS:
  AFNetworking: 05edc0ac4c4c8cf57bcf4b84be5b0744b6d8e71e
  BlocksKit: 7f422b971407001178d181a43b99014ea2591fe6
  CocoaLumberjack: 628fca2e88ef06f7cf6817309aa405f325d9a6fa
  KissXML: ce643413d618ad69886d0d43c3792b7dedfe476e
  Kiwi: f038a6c61f7a9e4d7766bff5717aa3b3fdb75f55
  OHHTTPStubs: 8cf0cfe6f34f13fc88fdf5b2a1b2c2536e8c0261
  PEObjc-Commons: e87d8679737960cac9a9ca1c03dd036c5d048b18
  PEWire-Control: 68a8b1a8ea4b167c2dfc2299b9183bf38600c034
  PEXML-Utils: 47a95ccdbf02bc2a1d69b6d8e99017df9da49f88

COCOAPODS: 0.39.0
